
Microsoft Visual Studio Solution File, Format Version 12.00
# Visual Studio 2013
VisualStudioVersion = 12.0.40629.0
MinimumVisualStudioVersion = 10.0.40219.1
Project("{F184B08F-C81C-45F6-A57F-5ABD9991F28F}") = "TelDir", "TelDir\TelDir.vbproj", "{EE8AA120-FFCB-464F-9EE0-B23D36F2AA2B}"
EndProject
Global
	GlobalSection(SolutionConfigurationPlatforms) = preSolution
		Debug|Any CPU = Debug|Any CPU
		Release|Any CPU = Release|Any CPU
	EndGlobalSection
	GlobalSection(ProjectConfigurationPlatforms) = postSolution
		{EE8AA120-FFCB-464F-9EE0-B23D36F2AA2B}.Debug|Any CPU.ActiveCfg = Debug|Any CPU
		{EE8AA120-FFCB-464F-9EE0-B23D36F2AA2B}.Debug|Any CPU.Build.0 = Debug|Any CPU
		{EE8AA120-FFCB-464F-9EE0-B23D36F2AA2B}.Release|Any CPU.ActiveCfg = Release|Any CPU
		{EE8AA120-FFCB-464F-9EE0-B23D36F2AA2B}.Release|Any CPU.Build.0 = Release|Any CPU
	EndGlobalSection
	GlobalSection(SolutionProperties) = preSolution
		HideSolutionNode = FALSE
	EndGlobalSection
EndGlobal
