
Microsoft Visual Studio Solution File, Format Version 12.00
# Visual Studio 15
VisualStudioVersion = 15.0.27004.2009
MinimumVisualStudioVersion = 10.0.40219.1
Project("{FAE04EC0-301F-11D3-BF4B-00C04F79EFBC}") = "AddRemoveList", "AddRemoveList\AddRemoveList.csproj", "{5F13A726-E8EF-437E-AE5A-F75C81C4DFE4}"
EndProject
Global
	GlobalSection(SolutionConfigurationPlatforms) = preSolution
		Debug|Any CPU = Debug|Any CPU
		Release|Any CPU = Release|Any CPU
	EndGlobalSection
	GlobalSection(ProjectConfigurationPlatforms) = postSolution
		{5F13A726-E8EF-437E-AE5A-F75C81C4DFE4}.Debug|Any CPU.ActiveCfg = Debug|Any CPU
		{5F13A726-E8EF-437E-AE5A-F75C81C4DFE4}.Debug|Any CPU.Build.0 = Debug|Any CPU
		{5F13A726-E8EF-437E-AE5A-F75C81C4DFE4}.Release|Any CPU.ActiveCfg = Release|Any CPU
		{5F13A726-E8EF-437E-AE5A-F75C81C4DFE4}.Release|Any CPU.Build.0 = Release|Any CPU
	EndGlobalSection
	GlobalSection(SolutionProperties) = preSolution
		HideSolutionNode = FALSE
	EndGlobalSection
	GlobalSection(ExtensibilityGlobals) = postSolution
		SolutionGuid = {DD1FBBA4-18A9-445B-BF18-9D71AF60560E}
	EndGlobalSection
EndGlobal
